// !$*UTF8*$!
{
	archiveVersion = 1;
	classes = {
	};
	objectVersion = 50;
	objects = {

/* Begin PBXBuildFile section */
		B801D6762321138A0081DB3E /* AppDelegate.swift in Sources */ = {isa = PBXBuildFile; fileRef = B801D6752321138A0081DB3E /* AppDelegate.swift */; };
		B801D67B2321138A0081DB3E /* Main.storyboard in Resources */ = {isa = PBXBuildFile; fileRef = B801D6792321138A0081DB3E /* Main.storyboard */; };
		B801D67D2321138C0081DB3E /* Assets.xcassets in Resources */ = {isa = PBXBuildFile; fileRef = B801D67C2321138C0081DB3E /* Assets.xcassets */; };
		B801D6802321138C0081DB3E /* LaunchScreen.storyboard in Resources */ = {isa = PBXBuildFile; fileRef = B801D67E2321138C0081DB3E /* LaunchScreen.storyboard */; };
		B801D68B2321138C0081DB3E /* Baluchon_newTests.swift in Sources */ = {isa = PBXBuildFile; fileRef = B801D68A2321138C0081DB3E /* Baluchon_newTests.swift */; };
		B801D6962321138C0081DB3E /* Baluchon_newUITests.swift in Sources */ = {isa = PBXBuildFile; fileRef = B801D6952321138C0081DB3E /* Baluchon_newUITests.swift */; };
		B801D6AB232114BB0081DB3E /* WeatherService.swift in Sources */ = {isa = PBXBuildFile; fileRef = B801D6AA232114BB0081DB3E /* WeatherService.swift */; };
		B801D6AD232114D50081DB3E /* Weather.swift in Sources */ = {isa = PBXBuildFile; fileRef = B801D6AC232114D50081DB3E /* Weather.swift */; };
		B801D6AF232114EF0081DB3E /* TranslateService.swift in Sources */ = {isa = PBXBuildFile; fileRef = B801D6AE232114EF0081DB3E /* TranslateService.swift */; };
		B801D6B1232114FE0081DB3E /* Translate.swift in Sources */ = {isa = PBXBuildFile; fileRef = B801D6B0232114FE0081DB3E /* Translate.swift */; };
		B801D6B32321159A0081DB3E /* CurrencyService.swift in Sources */ = {isa = PBXBuildFile; fileRef = B801D6B22321159A0081DB3E /* CurrencyService.swift */; };
		B801D6B5232115AE0081DB3E /* Currency.swift in Sources */ = {isa = PBXBuildFile; fileRef = B801D6B4232115AE0081DB3E /* Currency.swift */; };
		B801D6B7232115E90081DB3E /* CurrencyViewController.swift in Sources */ = {isa = PBXBuildFile; fileRef = B801D6B6232115E90081DB3E /* CurrencyViewController.swift */; };
		B801D6B9232115FC0081DB3E /* TranslateViewController.swift in Sources */ = {isa = PBXBuildFile; fileRef = B801D6B8232115FC0081DB3E /* TranslateViewController.swift */; };
		B801D6BB2321161C0081DB3E /* WeatherViewController.swift in Sources */ = {isa = PBXBuildFile; fileRef = B801D6BA2321161C0081DB3E /* WeatherViewController.swift */; };
		B8063A7D2343CA0C007DDDF6 /* Weather.json in Resources */ = {isa = PBXBuildFile; fileRef = B8063A7C2343CA0C007DDDF6 /* Weather.json */; };
		B8063A7F2343CA21007DDDF6 /* Currency.json in Resources */ = {isa = PBXBuildFile; fileRef = B8063A7E2343CA21007DDDF6 /* Currency.json */; };
		B8063A832343CA5A007DDDF6 /* Translate.json in Resources */ = {isa = PBXBuildFile; fileRef = B8063A822343CA5A007DDDF6 /* Translate.json */; };
		B8063A852343CAB5007DDDF6 /* URLSessionFake.swift in Sources */ = {isa = PBXBuildFile; fileRef = B8063A842343CAB5007DDDF6 /* URLSessionFake.swift */; };
		B8063A872343CBEE007DDDF6 /* FakeResponseData.swift in Sources */ = {isa = PBXBuildFile; fileRef = B8063A862343CBEE007DDDF6 /* FakeResponseData.swift */; };
		B8063A892343CC83007DDDF6 /* CurrencyServiceTests.swift in Sources */ = {isa = PBXBuildFile; fileRef = B8063A882343CC83007DDDF6 /* CurrencyServiceTests.swift */; };
		B8063A8B2343CCA7007DDDF6 /* TranslateServiceTests.swift in Sources */ = {isa = PBXBuildFile; fileRef = B8063A8A2343CCA7007DDDF6 /* TranslateServiceTests.swift */; };
		B8063A8D2343CCCC007DDDF6 /* WeatherServiceTests.swift in Sources */ = {isa = PBXBuildFile; fileRef = B8063A8C2343CCCC007DDDF6 /* WeatherServiceTests.swift */; };
		B8063A8F2343DF95007DDDF6 /* TranslateEnglish.json in Resources */ = {isa = PBXBuildFile; fileRef = B8063A8E2343DF95007DDDF6 /* TranslateEnglish.json */; };
		B8063A912343DFB1007DDDF6 /* TranslateDetect.json in Resources */ = {isa = PBXBuildFile; fileRef = B8063A902343DFB1007DDDF6 /* TranslateDetect.json */; };
		B806747C235F617F00B51518 /* CustomTextField.swift in Sources */ = {isa = PBXBuildFile; fileRef = B806747B235F617F00B51518 /* CustomTextField.swift */; };
		B806747E236073BE00B51518 /* ErrorCases.swift in Sources */ = {isa = PBXBuildFile; fileRef = B806747D236073BE00B51518 /* ErrorCases.swift */; };
		B886AC9023214DAC0003582D /* UIViewController.swift in Sources */ = {isa = PBXBuildFile; fileRef = B886AC8F23214DAC0003582D /* UIViewController.swift */; };
		B886AC9223214E520003582D /* WeatherView.swift in Sources */ = {isa = PBXBuildFile; fileRef = B886AC9123214E520003582D /* WeatherView.swift */; };
		B886AC9423216CBE0003582D /* ApiMethod.swift in Sources */ = {isa = PBXBuildFile; fileRef = B886AC9323216CBE0003582D /* ApiMethod.swift */; };
		B886AC9623216D320003582D /* ApiKeys.plist in Resources */ = {isa = PBXBuildFile; fileRef = B886AC9523216D320003582D /* ApiKeys.plist */; };
/* End PBXBuildFile section */

/* Begin PBXContainerItemProxy section */
		B801D6872321138C0081DB3E /* PBXContainerItemProxy */ = {
			isa = PBXContainerItemProxy;
			containerPortal = B801D66A2321138A0081DB3E /* Project object */;
			proxyType = 1;
			remoteGlobalIDString = B801D6712321138A0081DB3E;
			remoteInfo = Baluchon_new;
		};
		B801D6922321138C0081DB3E /* PBXContainerItemProxy */ = {
			isa = PBXContainerItemProxy;
			containerPortal = B801D66A2321138A0081DB3E /* Project object */;
			proxyType = 1;
			remoteGlobalIDString = B801D6712321138A0081DB3E;
			remoteInfo = Baluchon_new;
		};
/* End PBXContainerItemProxy section */

/* Begin PBXFileReference section */
		B801D6722321138A0081DB3E /* Baluchon_new.app */ = {isa = PBXFileReference; explicitFileType = wrapper.application; includeInIndex = 0; path = Baluchon_new.app; sourceTree = BUILT_PRODUCTS_DIR; };
		B801D6752321138A0081DB3E /* AppDelegate.swift */ = {isa = PBXFileReference; lastKnownFileType = sourcecode.swift; path = AppDelegate.swift; sourceTree = "<group>"; };
		B801D67A2321138A0081DB3E /* Base */ = {isa = PBXFileReference; lastKnownFileType = file.storyboard; name = Base; path = Base.lproj/Main.storyboard; sourceTree = "<group>"; };
		B801D67C2321138C0081DB3E /* Assets.xcassets */ = {isa = PBXFileReference; lastKnownFileType = folder.assetcatalog; path = Assets.xcassets; sourceTree = "<group>"; };
		B801D67F2321138C0081DB3E /* Base */ = {isa = PBXFileReference; lastKnownFileType = file.storyboard; name = Base; path = Base.lproj/LaunchScreen.storyboard; sourceTree = "<group>"; };
		B801D6812321138C0081DB3E /* Info.plist */ = {isa = PBXFileReference; lastKnownFileType = text.plist.xml; path = Info.plist; sourceTree = "<group>"; };
		B801D6862321138C0081DB3E /* Baluchon_newTests.xctest */ = {isa = PBXFileReference; explicitFileType = wrapper.cfbundle; includeInIndex = 0; path = Baluchon_newTests.xctest; sourceTree = BUILT_PRODUCTS_DIR; };
		B801D68A2321138C0081DB3E /* Baluchon_newTests.swift */ = {isa = PBXFileReference; lastKnownFileType = sourcecode.swift; path = Baluchon_newTests.swift; sourceTree = "<group>"; };
		B801D68C2321138C0081DB3E /* Info.plist */ = {isa = PBXFileReference; lastKnownFileType = text.plist.xml; path = Info.plist; sourceTree = "<group>"; };
		B801D6912321138C0081DB3E /* Baluchon_newUITests.xctest */ = {isa = PBXFileReference; explicitFileType = wrapper.cfbundle; includeInIndex = 0; path = Baluchon_newUITests.xctest; sourceTree = BUILT_PRODUCTS_DIR; };
		B801D6952321138C0081DB3E /* Baluchon_newUITests.swift */ = {isa = PBXFileReference; lastKnownFileType = sourcecode.swift; path = Baluchon_newUITests.swift; sourceTree = "<group>"; };
		B801D6972321138C0081DB3E /* Info.plist */ = {isa = PBXFileReference; lastKnownFileType = text.plist.xml; path = Info.plist; sourceTree = "<group>"; };
		B801D6AA232114BB0081DB3E /* WeatherService.swift */ = {isa = PBXFileReference; lastKnownFileType = sourcecode.swift; path = WeatherService.swift; sourceTree = "<group>"; };
		B801D6AC232114D50081DB3E /* Weather.swift */ = {isa = PBXFileReference; lastKnownFileType = sourcecode.swift; path = Weather.swift; sourceTree = "<group>"; };
		B801D6AE232114EF0081DB3E /* TranslateService.swift */ = {isa = PBXFileReference; lastKnownFileType = sourcecode.swift; path = TranslateService.swift; sourceTree = "<group>"; };
		B801D6B0232114FE0081DB3E /* Translate.swift */ = {isa = PBXFileReference; lastKnownFileType = sourcecode.swift; path = Translate.swift; sourceTree = "<group>"; };
		B801D6B22321159A0081DB3E /* CurrencyService.swift */ = {isa = PBXFileReference; lastKnownFileType = sourcecode.swift; path = CurrencyService.swift; sourceTree = "<group>"; };
		B801D6B4232115AE0081DB3E /* Currency.swift */ = {isa = PBXFileReference; lastKnownFileType = sourcecode.swift; path = Currency.swift; sourceTree = "<group>"; };
		B801D6B6232115E90081DB3E /* CurrencyViewController.swift */ = {isa = PBXFileReference; lastKnownFileType = sourcecode.swift; path = CurrencyViewController.swift; sourceTree = "<group>"; };
		B801D6B8232115FC0081DB3E /* TranslateViewController.swift */ = {isa = PBXFileReference; lastKnownFileType = sourcecode.swift; path = TranslateViewController.swift; sourceTree = "<group>"; };
		B801D6BA2321161C0081DB3E /* WeatherViewController.swift */ = {isa = PBXFileReference; lastKnownFileType = sourcecode.swift; path = WeatherViewController.swift; sourceTree = "<group>"; };
		B8063A7C2343CA0C007DDDF6 /* Weather.json */ = {isa = PBXFileReference; lastKnownFileType = text.json; path = Weather.json; sourceTree = "<group>"; };
		B8063A7E2343CA21007DDDF6 /* Currency.json */ = {isa = PBXFileReference; lastKnownFileType = text.json; path = Currency.json; sourceTree = "<group>"; };
		B8063A822343CA5A007DDDF6 /* Translate.json */ = {isa = PBXFileReference; lastKnownFileType = text.json; path = Translate.json; sourceTree = "<group>"; };
		B8063A842343CAB5007DDDF6 /* URLSessionFake.swift */ = {isa = PBXFileReference; lastKnownFileType = sourcecode.swift; path = URLSessionFake.swift; sourceTree = "<group>"; };
		B8063A862343CBEE007DDDF6 /* FakeResponseData.swift */ = {isa = PBXFileReference; lastKnownFileType = sourcecode.swift; path = FakeResponseData.swift; sourceTree = "<group>"; };
		B8063A882343CC83007DDDF6 /* CurrencyServiceTests.swift */ = {isa = PBXFileReference; lastKnownFileType = sourcecode.swift; path = CurrencyServiceTests.swift; sourceTree = "<group>"; };
		B8063A8A2343CCA7007DDDF6 /* TranslateServiceTests.swift */ = {isa = PBXFileReference; lastKnownFileType = sourcecode.swift; path = TranslateServiceTests.swift; sourceTree = "<group>"; };
		B8063A8C2343CCCC007DDDF6 /* WeatherServiceTests.swift */ = {isa = PBXFileReference; lastKnownFileType = sourcecode.swift; path = WeatherServiceTests.swift; sourceTree = "<group>"; };
		B8063A8E2343DF95007DDDF6 /* TranslateEnglish.json */ = {isa = PBXFileReference; lastKnownFileType = text.json; path = TranslateEnglish.json; sourceTree = "<group>"; };
		B8063A902343DFB1007DDDF6 /* TranslateDetect.json */ = {isa = PBXFileReference; lastKnownFileType = text.json; path = TranslateDetect.json; sourceTree = "<group>"; };
		B806747B235F617F00B51518 /* CustomTextField.swift */ = {isa = PBXFileReference; lastKnownFileType = sourcecode.swift; path = CustomTextField.swift; sourceTree = "<group>"; };
		B806747D236073BE00B51518 /* ErrorCases.swift */ = {isa = PBXFileReference; lastKnownFileType = sourcecode.swift; path = ErrorCases.swift; sourceTree = "<group>"; };
		B886AC8F23214DAC0003582D /* UIViewController.swift */ = {isa = PBXFileReference; lastKnownFileType = sourcecode.swift; path = UIViewController.swift; sourceTree = "<group>"; };
		B886AC9123214E520003582D /* WeatherView.swift */ = {isa = PBXFileReference; lastKnownFileType = sourcecode.swift; path = WeatherView.swift; sourceTree = "<group>"; };
		B886AC9323216CBE0003582D /* ApiMethod.swift */ = {isa = PBXFileReference; lastKnownFileType = sourcecode.swift; path = ApiMethod.swift; sourceTree = "<group>"; };
		B886AC9523216D320003582D /* ApiKeys.plist */ = {isa = PBXFileReference; lastKnownFileType = text.plist.xml; path = ApiKeys.plist; sourceTree = "<group>"; };
/* End PBXFileReference section */

/* Begin PBXFrameworksBuildPhase section */
		B801D66F2321138A0081DB3E /* Frameworks */ = {
			isa = PBXFrameworksBuildPhase;
			buildActionMask = 2147483647;
			files = (
			);
			runOnlyForDeploymentPostprocessing = 0;
		};
		B801D6832321138C0081DB3E /* Frameworks */ = {
			isa = PBXFrameworksBuildPhase;
			buildActionMask = 2147483647;
			files = (
			);
			runOnlyForDeploymentPostprocessing = 0;
		};
		B801D68E2321138C0081DB3E /* Frameworks */ = {
			isa = PBXFrameworksBuildPhase;
			buildActionMask = 2147483647;
			files = (
			);
			runOnlyForDeploymentPostprocessing = 0;
		};
/* End PBXFrameworksBuildPhase section */

/* Begin PBXGroup section */
		B801D6692321138A0081DB3E = {
			isa = PBXGroup;
			children = (
				B801D6742321138A0081DB3E /* Baluchon_new */,
				B801D6892321138C0081DB3E /* Baluchon_newTests */,
				B801D6942321138C0081DB3E /* Baluchon_newUITests */,
				B801D6732321138A0081DB3E /* Products */,
			);
			sourceTree = "<group>";
		};
		B801D6732321138A0081DB3E /* Products */ = {
			isa = PBXGroup;
			children = (
				B801D6722321138A0081DB3E /* Baluchon_new.app */,
				B801D6862321138C0081DB3E /* Baluchon_newTests.xctest */,
				B801D6912321138C0081DB3E /* Baluchon_newUITests.xctest */,
			);
			name = Products;
			sourceTree = "<group>";
		};
		B801D6742321138A0081DB3E /* Baluchon_new */ = {
			isa = PBXGroup;
			children = (
				B801D6812321138C0081DB3E /* Info.plist */,
				B886AC9523216D320003582D /* ApiKeys.plist */,
				B80674762357372E00B51518 /* Other */,
				B801D6A6232114230081DB3E /* Supporting Files */,
				B801D6A5232113FB0081DB3E /* Controller */,
				B801D6A4232113EF0081DB3E /* View */,
				B801D6A3232113D30081DB3E /* Model */,
			);
			path = Baluchon_new;
			sourceTree = "<group>";
		};
		B801D6892321138C0081DB3E /* Baluchon_newTests */ = {
			isa = PBXGroup;
			children = (
				B8063A7A2343C8D3007DDDF6 /* CurrencyTests */,
				B8063A7B2343C8E2007DDDF6 /* TranslateTests */,
				B8063A792343C8C5007DDDF6 /* WeatherTests */,
				B8063A842343CAB5007DDDF6 /* URLSessionFake.swift */,
				B8063A862343CBEE007DDDF6 /* FakeResponseData.swift */,
				B801D68A2321138C0081DB3E /* Baluchon_newTests.swift */,
				B801D68C2321138C0081DB3E /* Info.plist */,
			);
			path = Baluchon_newTests;
			sourceTree = "<group>";
		};
		B801D6942321138C0081DB3E /* Baluchon_newUITests */ = {
			isa = PBXGroup;
			children = (
				B801D6952321138C0081DB3E /* Baluchon_newUITests.swift */,
				B801D6972321138C0081DB3E /* Info.plist */,
			);
			path = Baluchon_newUITests;
			sourceTree = "<group>";
		};
		B801D6A3232113D30081DB3E /* Model */ = {
			isa = PBXGroup;
			children = (
				B886AC9323216CBE0003582D /* ApiMethod.swift */,
				B801D6A9232114990081DB3E /* Weather */,
				B801D6A82321148F0081DB3E /* Translate */,
				B801D6A7232114730081DB3E /* Currency */,
			);
			path = Model;
			sourceTree = "<group>";
		};
		B801D6A4232113EF0081DB3E /* View */ = {
			isa = PBXGroup;
			children = (
				B801D67E2321138C0081DB3E /* LaunchScreen.storyboard */,
				B801D6792321138A0081DB3E /* Main.storyboard */,
				B886AC9123214E520003582D /* WeatherView.swift */,
				B806747B235F617F00B51518 /* CustomTextField.swift */,
			);
			path = View;
			sourceTree = "<group>";
		};
		B801D6A5232113FB0081DB3E /* Controller */ = {
			isa = PBXGroup;
			children = (
				B801D6B6232115E90081DB3E /* CurrencyViewController.swift */,
				B801D6B8232115FC0081DB3E /* TranslateViewController.swift */,
				B801D6BA2321161C0081DB3E /* WeatherViewController.swift */,
			);
			path = Controller;
			sourceTree = "<group>";
		};
		B801D6A6232114230081DB3E /* Supporting Files */ = {
			isa = PBXGroup;
			children = (
				B801D6752321138A0081DB3E /* AppDelegate.swift */,
				B801D67C2321138C0081DB3E /* Assets.xcassets */,
			);
			path = "Supporting Files";
			sourceTree = "<group>";
		};
		B801D6A7232114730081DB3E /* Currency */ = {
			isa = PBXGroup;
			children = (
				B801D6B22321159A0081DB3E /* CurrencyService.swift */,
				B801D6B4232115AE0081DB3E /* Currency.swift */,
			);
			path = Currency;
			sourceTree = "<group>";
		};
		B801D6A82321148F0081DB3E /* Translate */ = {
			isa = PBXGroup;
			children = (
				B801D6AE232114EF0081DB3E /* TranslateService.swift */,
				B801D6B0232114FE0081DB3E /* Translate.swift */,
			);
			path = Translate;
			sourceTree = "<group>";
		};
		B801D6A9232114990081DB3E /* Weather */ = {
			isa = PBXGroup;
			children = (
				B801D6AA232114BB0081DB3E /* WeatherService.swift */,
				B801D6AC232114D50081DB3E /* Weather.swift */,
			);
			path = Weather;
			sourceTree = "<group>";
		};
		B8063A792343C8C5007DDDF6 /* WeatherTests */ = {
			isa = PBXGroup;
			children = (
				B8063A7C2343CA0C007DDDF6 /* Weather.json */,
				B8063A8C2343CCCC007DDDF6 /* WeatherServiceTests.swift */,
			);
			path = WeatherTests;
			sourceTree = "<group>";
		};
		B8063A7A2343C8D3007DDDF6 /* CurrencyTests */ = {
			isa = PBXGroup;
			children = (
				B8063A7E2343CA21007DDDF6 /* Currency.json */,
				B8063A882343CC83007DDDF6 /* CurrencyServiceTests.swift */,
			);
			path = CurrencyTests;
			sourceTree = "<group>";
		};
		B8063A7B2343C8E2007DDDF6 /* TranslateTests */ = {
			isa = PBXGroup;
			children = (
				B8063A822343CA5A007DDDF6 /* Translate.json */,
				B8063A8A2343CCA7007DDDF6 /* TranslateServiceTests.swift */,
				B8063A8E2343DF95007DDDF6 /* TranslateEnglish.json */,
				B8063A902343DFB1007DDDF6 /* TranslateDetect.json */,
			);
			path = TranslateTests;
			sourceTree = "<group>";
		};
		B80674762357372E00B51518 /* Other */ = {
			isa = PBXGroup;
			children = (
				B886AC8F23214DAC0003582D /* UIViewController.swift */,
				B806747D236073BE00B51518 /* ErrorCases.swift */,
			);
			path = Other;
			sourceTree = "<group>";
		};
/* End PBXGroup section */

/* Begin PBXNativeTarget section */
		B801D6712321138A0081DB3E /* Baluchon_new */ = {
			isa = PBXNativeTarget;
			buildConfigurationList = B801D69A2321138C0081DB3E /* Build configuration list for PBXNativeTarget "Baluchon_new" */;
			buildPhases = (
				B801D66E2321138A0081DB3E /* Sources */,
				B801D66F2321138A0081DB3E /* Frameworks */,
				B801D6702321138A0081DB3E /* Resources */,
			);
			buildRules = (
			);
			dependencies = (
			);
			name = Baluchon_new;
			productName = Baluchon_new;
			productReference = B801D6722321138A0081DB3E /* Baluchon_new.app */;
			productType = "com.apple.product-type.application";
		};
		B801D6852321138C0081DB3E /* Baluchon_newTests */ = {
			isa = PBXNativeTarget;
			buildConfigurationList = B801D69D2321138C0081DB3E /* Build configuration list for PBXNativeTarget "Baluchon_newTests" */;
			buildPhases = (
				B801D6822321138C0081DB3E /* Sources */,
				B801D6832321138C0081DB3E /* Frameworks */,
				B801D6842321138C0081DB3E /* Resources */,
			);
			buildRules = (
			);
			dependencies = (
				B801D6882321138C0081DB3E /* PBXTargetDependency */,
			);
			name = Baluchon_newTests;
			productName = Baluchon_newTests;
			productReference = B801D6862321138C0081DB3E /* Baluchon_newTests.xctest */;
			productType = "com.apple.product-type.bundle.unit-test";
		};
		B801D6902321138C0081DB3E /* Baluchon_newUITests */ = {
			isa = PBXNativeTarget;
			buildConfigurationList = B801D6A02321138C0081DB3E /* Build configuration list for PBXNativeTarget "Baluchon_newUITests" */;
			buildPhases = (
				B801D68D2321138C0081DB3E /* Sources */,
				B801D68E2321138C0081DB3E /* Frameworks */,
				B801D68F2321138C0081DB3E /* Resources */,
			);
			buildRules = (
			);
			dependencies = (
				B801D6932321138C0081DB3E /* PBXTargetDependency */,
			);
			name = Baluchon_newUITests;
			productName = Baluchon_newUITests;
			productReference = B801D6912321138C0081DB3E /* Baluchon_newUITests.xctest */;
			productType = "com.apple.product-type.bundle.ui-testing";
		};
/* End PBXNativeTarget section */

/* Begin PBXProject section */
		B801D66A2321138A0081DB3E /* Project object */ = {
			isa = PBXProject;
			attributes = {
				LastSwiftUpdateCheck = 1020;
				LastUpgradeCheck = 1020;
				ORGANIZATIONNAME = "Mélanie Obringer";
				TargetAttributes = {
					B801D6712321138A0081DB3E = {
						CreatedOnToolsVersion = 10.2.1;
					};
					B801D6852321138C0081DB3E = {
						CreatedOnToolsVersion = 10.2.1;
						TestTargetID = B801D6712321138A0081DB3E;
					};
					B801D6902321138C0081DB3E = {
						CreatedOnToolsVersion = 10.2.1;
						TestTargetID = B801D6712321138A0081DB3E;
					};
				};
			};
			buildConfigurationList = B801D66D2321138A0081DB3E /* Build configuration list for PBXProject "Baluchon_new" */;
			compatibilityVersion = "Xcode 9.3";
			developmentRegion = en;
			hasScannedForEncodings = 0;
			knownRegions = (
				en,
				Base,
			);
			mainGroup = B801D6692321138A0081DB3E;
			productRefGroup = B801D6732321138A0081DB3E /* Products */;
			projectDirPath = "";
			projectRoot = "";
			targets = (
				B801D6712321138A0081DB3E /* Baluchon_new */,
				B801D6852321138C0081DB3E /* Baluchon_newTests */,
				B801D6902321138C0081DB3E /* Baluchon_newUITests */,
			);
		};
/* End PBXProject section */

/* Begin PBXResourcesBuildPhase section */
		B801D6702321138A0081DB3E /* Resources */ = {
			isa = PBXResourcesBuildPhase;
			buildActionMask = 2147483647;
			files = (
				B801D6802321138C0081DB3E /* LaunchScreen.storyboard in Resources */,
				B886AC9623216D320003582D /* ApiKeys.plist in Resources */,
				B801D67D2321138C0081DB3E /* Assets.xcassets in Resources */,
				B801D67B2321138A0081DB3E /* Main.storyboard in Resources */,
			);
			runOnlyForDeploymentPostprocessing = 0;
		};
		B801D6842321138C0081DB3E /* Resources */ = {
			isa = PBXResourcesBuildPhase;
			buildActionMask = 2147483647;
			files = (
				B8063A912343DFB1007DDDF6 /* TranslateDetect.json in Resources */,
				B8063A7F2343CA21007DDDF6 /* Currency.json in Resources */,
				B8063A8F2343DF95007DDDF6 /* TranslateEnglish.json in Resources */,
				B8063A832343CA5A007DDDF6 /* Translate.json in Resources */,
				B8063A7D2343CA0C007DDDF6 /* Weather.json in Resources */,
			);
			runOnlyForDeploymentPostprocessing = 0;
		};
		B801D68F2321138C0081DB3E /* Resources */ = {
			isa = PBXResourcesBuildPhase;
			buildActionMask = 2147483647;
			files = (
			);
			runOnlyForDeploymentPostprocessing = 0;
		};
/* End PBXResourcesBuildPhase section */

/* Begin PBXSourcesBuildPhase section */
		B801D66E2321138A0081DB3E /* Sources */ = {
			isa = PBXSourcesBuildPhase;
			buildActionMask = 2147483647;
			files = (
				B806747C235F617F00B51518 /* CustomTextField.swift in Sources */,
				B801D6AD232114D50081DB3E /* Weather.swift in Sources */,
				B801D6B9232115FC0081DB3E /* TranslateViewController.swift in Sources */,
				B886AC9423216CBE0003582D /* ApiMethod.swift in Sources */,
				B886AC9023214DAC0003582D /* UIViewController.swift in Sources */,
				B801D6AF232114EF0081DB3E /* TranslateService.swift in Sources */,
				B801D6B1232114FE0081DB3E /* Translate.swift in Sources */,
				B806747E236073BE00B51518 /* ErrorCases.swift in Sources */,
				B886AC9223214E520003582D /* WeatherView.swift in Sources */,
				B801D6B7232115E90081DB3E /* CurrencyViewController.swift in Sources */,
				B801D6B5232115AE0081DB3E /* Currency.swift in Sources */,
				B801D6B32321159A0081DB3E /* CurrencyService.swift in Sources */,
				B801D6AB232114BB0081DB3E /* WeatherService.swift in Sources */,
				B801D6762321138A0081DB3E /* AppDelegate.swift in Sources */,
				B801D6BB2321161C0081DB3E /* WeatherViewController.swift in Sources */,
			);
			runOnlyForDeploymentPostprocessing = 0;
		};
		B801D6822321138C0081DB3E /* Sources */ = {
			isa = PBXSourcesBuildPhase;
			buildActionMask = 2147483647;
			files = (
				B8063A8B2343CCA7007DDDF6 /* TranslateServiceTests.swift in Sources */,
				B8063A892343CC83007DDDF6 /* CurrencyServiceTests.swift in Sources */,
				B8063A8D2343CCCC007DDDF6 /* WeatherServiceTests.swift in Sources */,
				B801D68B2321138C0081DB3E /* Baluchon_newTests.swift in Sources */,
				B8063A852343CAB5007DDDF6 /* URLSessionFake.swift in Sources */,
				B8063A872343CBEE007DDDF6 /* FakeResponseData.swift in Sources */,
			);
			runOnlyForDeploymentPostprocessing = 0;
		};
		B801D68D2321138C0081DB3E /* Sources */ = {
			isa = PBXSourcesBuildPhase;
			buildActionMask = 2147483647;
			files = (
				B801D6962321138C0081DB3E /* Baluchon_newUITests.swift in Sources */,
			);
			runOnlyForDeploymentPostprocessing = 0;
		};
/* End PBXSourcesBuildPhase section */

/* Begin PBXTargetDependency section */
		B801D6882321138C0081DB3E /* PBXTargetDependency */ = {
			isa = PBXTargetDependency;
			target = B801D6712321138A0081DB3E /* Baluchon_new */;
			targetProxy = B801D6872321138C0081DB3E /* PBXContainerItemProxy */;
		};
		B801D6932321138C0081DB3E /* PBXTargetDependency */ = {
			isa = PBXTargetDependency;
			target = B801D6712321138A0081DB3E /* Baluchon_new */;
			targetProxy = B801D6922321138C0081DB3E /* PBXContainerItemProxy */;
		};
/* End PBXTargetDependency section */

/* Begin PBXVariantGroup section */
		B801D6792321138A0081DB3E /* Main.storyboard */ = {
			isa = PBXVariantGroup;
			children = (
				B801D67A2321138A0081DB3E /* Base */,
			);
			name = Main.storyboard;
			sourceTree = "<group>";
		};
		B801D67E2321138C0081DB3E /* LaunchScreen.storyboard */ = {
			isa = PBXVariantGroup;
			children = (
				B801D67F2321138C0081DB3E /* Base */,
			);
			name = LaunchScreen.storyboard;
			sourceTree = "<group>";
		};
/* End PBXVariantGroup section */

/* Begin XCBuildConfiguration section */
		B801D6982321138C0081DB3E /* Debug */ = {
			isa = XCBuildConfiguration;
			buildSettings = {
				ALWAYS_SEARCH_USER_PATHS = NO;
				CLANG_ANALYZER_NONNULL = YES;
				CLANG_ANALYZER_NUMBER_OBJECT_CONVERSION = YES_AGGRESSIVE;
				CLANG_CXX_LANGUAGE_STANDARD = "gnu++14";
				CLANG_CXX_LIBRARY = "libc++";
				CLANG_ENABLE_MODULES = YES;
				CLANG_ENABLE_OBJC_ARC = YES;
				CLANG_ENABLE_OBJC_WEAK = YES;
				CLANG_WARN_BLOCK_CAPTURE_AUTORELEASING = YES;
				CLANG_WARN_BOOL_CONVERSION = YES;
				CLANG_WARN_COMMA = YES;
				CLANG_WARN_CONSTANT_CONVERSION = YES;
				CLANG_WARN_DEPRECATED_OBJC_IMPLEMENTATIONS = YES;
				CLANG_WARN_DIRECT_OBJC_ISA_USAGE = YES_ERROR;
				CLANG_WARN_DOCUMENTATION_COMMENTS = YES;
				CLANG_WARN_EMPTY_BODY = YES;
				CLANG_WARN_ENUM_CONVERSION = YES;
				CLANG_WARN_INFINITE_RECURSION = YES;
				CLANG_WARN_INT_CONVERSION = YES;
				CLANG_WARN_NON_LITERAL_NULL_CONVERSION = YES;
				CLANG_WARN_OBJC_IMPLICIT_RETAIN_SELF = YES;
				CLANG_WARN_OBJC_LITERAL_CONVERSION = YES;
				CLANG_WARN_OBJC_ROOT_CLASS = YES_ERROR;
				CLANG_WARN_RANGE_LOOP_ANALYSIS = YES;
				CLANG_WARN_STRICT_PROTOTYPES = YES;
				CLANG_WARN_SUSPICIOUS_MOVE = YES;
				CLANG_WARN_UNGUARDED_AVAILABILITY = YES_AGGRESSIVE;
				CLANG_WARN_UNREACHABLE_CODE = YES;
				CLANG_WARN__DUPLICATE_METHOD_MATCH = YES;
				CODE_SIGN_IDENTITY = "iPhone Developer";
				COPY_PHASE_STRIP = NO;
				DEBUG_INFORMATION_FORMAT = dwarf;
				ENABLE_STRICT_OBJC_MSGSEND = YES;
				ENABLE_TESTABILITY = YES;
				GCC_C_LANGUAGE_STANDARD = gnu11;
				GCC_DYNAMIC_NO_PIC = NO;
				GCC_NO_COMMON_BLOCKS = YES;
				GCC_OPTIMIZATION_LEVEL = 0;
				GCC_PREPROCESSOR_DEFINITIONS = (
					"DEBUG=1",
					"$(inherited)",
				);
				GCC_WARN_64_TO_32_BIT_CONVERSION = YES;
				GCC_WARN_ABOUT_RETURN_TYPE = YES_ERROR;
				GCC_WARN_UNDECLARED_SELECTOR = YES;
				GCC_WARN_UNINITIALIZED_AUTOS = YES_AGGRESSIVE;
				GCC_WARN_UNUSED_FUNCTION = YES;
				GCC_WARN_UNUSED_VARIABLE = YES;
				IPHONEOS_DEPLOYMENT_TARGET = 12.2;
				MTL_ENABLE_DEBUG_INFO = INCLUDE_SOURCE;
				MTL_FAST_MATH = YES;
				ONLY_ACTIVE_ARCH = YES;
				SDKROOT = iphoneos;
				SWIFT_ACTIVE_COMPILATION_CONDITIONS = DEBUG;
				SWIFT_OPTIMIZATION_LEVEL = "-Onone";
			};
			name = Debug;
		};
		B801D6992321138C0081DB3E /* Release */ = {
			isa = XCBuildConfiguration;
			buildSettings = {
				ALWAYS_SEARCH_USER_PATHS = NO;
				CLANG_ANALYZER_NONNULL = YES;
				CLANG_ANALYZER_NUMBER_OBJECT_CONVERSION = YES_AGGRESSIVE;
				CLANG_CXX_LANGUAGE_STANDARD = "gnu++14";
				CLANG_CXX_LIBRARY = "libc++";
				CLANG_ENABLE_MODULES = YES;
				CLANG_ENABLE_OBJC_ARC = YES;
				CLANG_ENABLE_OBJC_WEAK = YES;
				CLANG_WARN_BLOCK_CAPTURE_AUTORELEASING = YES;
				CLANG_WARN_BOOL_CONVERSION = YES;
				CLANG_WARN_COMMA = YES;
				CLANG_WARN_CONSTANT_CONVERSION = YES;
				CLANG_WARN_DEPRECATED_OBJC_IMPLEMENTATIONS = YES;
				CLANG_WARN_DIRECT_OBJC_ISA_USAGE = YES_ERROR;
				CLANG_WARN_DOCUMENTATION_COMMENTS = YES;
				CLANG_WARN_EMPTY_BODY = YES;
				CLANG_WARN_ENUM_CONVERSION = YES;
				CLANG_WARN_INFINITE_RECURSION = YES;
				CLANG_WARN_INT_CONVERSION = YES;
				CLANG_WARN_NON_LITERAL_NULL_CONVERSION = YES;
				CLANG_WARN_OBJC_IMPLICIT_RETAIN_SELF = YES;
				CLANG_WARN_OBJC_LITERAL_CONVERSION = YES;
				CLANG_WARN_OBJC_ROOT_CLASS = YES_ERROR;
				CLANG_WARN_RANGE_LOOP_ANALYSIS = YES;
				CLANG_WARN_STRICT_PROTOTYPES = YES;
				CLANG_WARN_SUSPICIOUS_MOVE = YES;
				CLANG_WARN_UNGUARDED_AVAILABILITY = YES_AGGRESSIVE;
				CLANG_WARN_UNREACHABLE_CODE = YES;
				CLANG_WARN__DUPLICATE_METHOD_MATCH = YES;
				CODE_SIGN_IDENTITY = "iPhone Developer";
				COPY_PHASE_STRIP = NO;
				DEBUG_INFORMATION_FORMAT = "dwarf-with-dsym";
				ENABLE_NS_ASSERTIONS = NO;
				ENABLE_STRICT_OBJC_MSGSEND = YES;
				GCC_C_LANGUAGE_STANDARD = gnu11;
				GCC_NO_COMMON_BLOCKS = YES;
				GCC_WARN_64_TO_32_BIT_CONVERSION = YES;
				GCC_WARN_ABOUT_RETURN_TYPE = YES_ERROR;
				GCC_WARN_UNDECLARED_SELECTOR = YES;
				GCC_WARN_UNINITIALIZED_AUTOS = YES_AGGRESSIVE;
				GCC_WARN_UNUSED_FUNCTION = YES;
				GCC_WARN_UNUSED_VARIABLE = YES;
				IPHONEOS_DEPLOYMENT_TARGET = 12.2;
				MTL_ENABLE_DEBUG_INFO = NO;
				MTL_FAST_MATH = YES;
				SDKROOT = iphoneos;
				SWIFT_COMPILATION_MODE = wholemodule;
				SWIFT_OPTIMIZATION_LEVEL = "-O";
				VALIDATE_PRODUCT = YES;
			};
			name = Release;
		};
		B801D69B2321138C0081DB3E /* Debug */ = {
			isa = XCBuildConfiguration;
			buildSettings = {
				ASSETCATALOG_COMPILER_APPICON_NAME = AppIcon;
				CODE_SIGN_STYLE = Automatic;
				DEVELOPMENT_TEAM = L2PQM9BQX7;
				INFOPLIST_FILE = Baluchon_new/Info.plist;
				LD_RUNPATH_SEARCH_PATHS = (
					"$(inherited)",
					"@executable_path/Frameworks",
				);
				PRODUCT_BUNDLE_IDENTIFIER = "com.melanieobringer.Baluchon-new";
				PRODUCT_NAME = "$(TARGET_NAME)";
				SWIFT_VERSION = 5.0;
				TARGETED_DEVICE_FAMILY = "1,2";
			};
			name = Debug;
		};
		B801D69C2321138C0081DB3E /* Release */ = {
			isa = XCBuildConfiguration;
			buildSettings = {
				ASSETCATALOG_COMPILER_APPICON_NAME = AppIcon;
				CODE_SIGN_STYLE = Automatic;
				DEVELOPMENT_TEAM = L2PQM9BQX7;
				INFOPLIST_FILE = Baluchon_new/Info.plist;
				LD_RUNPATH_SEARCH_PATHS = (
					"$(inherited)",
					"@executable_path/Frameworks",
				);
				PRODUCT_BUNDLE_IDENTIFIER = "com.melanieobringer.Baluchon-new";
				PRODUCT_NAME = "$(TARGET_NAME)";
				SWIFT_VERSION = 5.0;
				TARGETED_DEVICE_FAMILY = "1,2";
			};
			name = Release;
		};
		B801D69E2321138C0081DB3E /* Debug */ = {
			isa = XCBuildConfiguration;
			buildSettings = {
				ALWAYS_EMBED_SWIFT_STANDARD_LIBRARIES = YES;
				BUNDLE_LOADER = "$(TEST_HOST)";
				CODE_SIGN_STYLE = Automatic;
				DEVELOPMENT_TEAM = L2PQM9BQX7;
				INFOPLIST_FILE = Baluchon_newTests/Info.plist;
				LD_RUNPATH_SEARCH_PATHS = (
					"$(inherited)",
					"@executable_path/Frameworks",
					"@loader_path/Frameworks",
				);
				PRODUCT_BUNDLE_IDENTIFIER = "com.melanieobringer.Baluchon-newTests";
				PRODUCT_NAME = "$(TARGET_NAME)";
				SWIFT_VERSION = 5.0;
				TARGETED_DEVICE_FAMILY = "1,2";
				TEST_HOST = "$(BUILT_PRODUCTS_DIR)/Baluchon_new.app/Baluchon_new";
			};
			name = Debug;
		};
		B801D69F2321138C0081DB3E /* Release */ = {
			isa = XCBuildConfiguration;
			buildSettings = {
				ALWAYS_EMBED_SWIFT_STANDARD_LIBRARIES = YES;
				BUNDLE_LOADER = "$(TEST_HOST)";
				CODE_SIGN_STYLE = Automatic;
				DEVELOPMENT_TEAM = L2PQM9BQX7;
				INFOPLIST_FILE = Baluchon_newTests/Info.plist;
				LD_RUNPATH_SEARCH_PATHS = (
					"$(inherited)",
					"@executable_path/Frameworks",
					"@loader_path/Frameworks",
				);
				PRODUCT_BUNDLE_IDENTIFIER = "com.melanieobringer.Baluchon-newTests";
				PRODUCT_NAME = "$(TARGET_NAME)";
				SWIFT_VERSION = 5.0;
				TARGETED_DEVICE_FAMILY = "1,2";
				TEST_HOST = "$(BUILT_PRODUCTS_DIR)/Baluchon_new.app/Baluchon_new";
			};
			name = Release;
		};
		B801D6A12321138C0081DB3E /* Debug */ = {
			isa = XCBuildConfiguration;
			buildSettings = {
				ALWAYS_EMBED_SWIFT_STANDARD_LIBRARIES = YES;
				CODE_SIGN_STYLE = Automatic;
				DEVELOPMENT_TEAM = L2PQM9BQX7;
				INFOPLIST_FILE = Baluchon_newUITests/Info.plist;
				LD_RUNPATH_SEARCH_PATHS = (
					"$(inherited)",
					"@executable_path/Frameworks",
					"@loader_path/Frameworks",
				);
				PRODUCT_BUNDLE_IDENTIFIER = "com.melanieobringer.Baluchon-newUITests";
				PRODUCT_NAME = "$(TARGET_NAME)";
				SWIFT_VERSION = 5.0;
				TARGETED_DEVICE_FAMILY = "1,2";
				TEST_TARGET_NAME = Baluchon_new;
			};
			name = Debug;
		};
		B801D6A22321138C0081DB3E /* Release */ = {
			isa = XCBuildConfiguration;
			buildSettings = {
				ALWAYS_EMBED_SWIFT_STANDARD_LIBRARIES = YES;
				CODE_SIGN_STYLE = Automatic;
				DEVELOPMENT_TEAM = L2PQM9BQX7;
				INFOPLIST_FILE = Baluchon_newUITests/Info.plist;
				LD_RUNPATH_SEARCH_PATHS = (
					"$(inherited)",
					"@executable_path/Frameworks",
					"@loader_path/Frameworks",
				);
				PRODUCT_BUNDLE_IDENTIFIER = "com.melanieobringer.Baluchon-newUITests";
				PRODUCT_NAME = "$(TARGET_NAME)";
				SWIFT_VERSION = 5.0;
				TARGETED_DEVICE_FAMILY = "1,2";
				TEST_TARGET_NAME = Baluchon_new;
			};
			name = Release;
		};
/* End XCBuildConfiguration section */

/* Begin XCConfigurationList section */
		B801D66D2321138A0081DB3E /* Build configuration list for PBXProject "Baluchon_new" */ = {
			isa = XCConfigurationList;
			buildConfigurations = (
				B801D6982321138C0081DB3E /* Debug */,
				B801D6992321138C0081DB3E /* Release */,
			);
			defaultConfigurationIsVisible = 0;
			defaultConfigurationName = Release;
		};
		B801D69A2321138C0081DB3E /* Build configuration list for PBXNativeTarget "Baluchon_new" */ = {
			isa = XCConfigurationList;
			buildConfigurations = (
				B801D69B2321138C0081DB3E /* Debug */,
				B801D69C2321138C0081DB3E /* Release */,
			);
			defaultConfigurationIsVisible = 0;
			defaultConfigurationName = Release;
		};
		B801D69D2321138C0081DB3E /* Build configuration list for PBXNativeTarget "Baluchon_newTests" */ = {
			isa = XCConfigurationList;
			buildConfigurations = (
				B801D69E2321138C0081DB3E /* Debug */,
				B801D69F2321138C0081DB3E /* Release */,
			);
			defaultConfigurationIsVisible = 0;
			defaultConfigurationName = Release;
		};
		B801D6A02321138C0081DB3E /* Build configuration list for PBXNativeTarget "Baluchon_newUITests" */ = {
			isa = XCConfigurationList;
			buildConfigurations = (
				B801D6A12321138C0081DB3E /* Debug */,
				B801D6A22321138C0081DB3E /* Release */,
			);
			defaultConfigurationIsVisible = 0;
			defaultConfigurationName = Release;
		};
/* End XCConfigurationList section */
	};
	rootObject = B801D66A2321138A0081DB3E /* Project object */;
}
